
Microsoft Visual Studio Solution File, Format Version 12.00
# Visual Studio 15
VisualStudioVersion = 15.0.26124.0
MinimumVisualStudioVersion = 15.0.26124.0
Project("{9A19103F-16F7-4668-BE54-9A1E7A4F7556}") = "Instrumentation.Middleware", "Instrumentation.Middleware\Instrumentation.Middleware.csproj", "{D7F89A26-C632-4FF9-B473-21B66D223C23}"
EndProject
Project("{9A19103F-16F7-4668-BE54-9A1E7A4F7556}") = "Instrumentation.Website", "Instrumentation.Website\Instrumentation.Website.csproj", "{77933C4B-2C36-4241-BE82-03C66ABD81CC}"
EndProject
Project("{FAE04EC0-301F-11D3-BF4B-00C04F79EFBC}") = "Instrumentation.Middleware.Tests", "Instrumentation.Middleware.Tests\Instrumentation.Middleware.Tests.csproj", "{EE651E44-C3D5-4E4D-ACB6-F820D370FB02}"
EndProject
Global
	GlobalSection(SolutionConfigurationPlatforms) = preSolution
		Debug|Any CPU = Debug|Any CPU
		Debug|x64 = Debug|x64
		Debug|x86 = Debug|x86
		Release|Any CPU = Release|Any CPU
		Release|x64 = Release|x64
		Release|x86 = Release|x86
	EndGlobalSection
	GlobalSection(ProjectConfigurationPlatforms) = postSolution
		{D7F89A26-C632-4FF9-B473-21B66D223C23}.Debug|Any CPU.ActiveCfg = Debug|Any CPU
		{D7F89A26-C632-4FF9-B473-21B66D223C23}.Debug|Any CPU.Build.0 = Debug|Any CPU
		{D7F89A26-C632-4FF9-B473-21B66D223C23}.Debug|x64.ActiveCfg = Debug|Any CPU
		{D7F89A26-C632-4FF9-B473-21B66D223C23}.Debug|x64.Build.0 = Debug|Any CPU
		{D7F89A26-C632-4FF9-B473-21B66D223C23}.Debug|x86.ActiveCfg = Debug|Any CPU
		{D7F89A26-C632-4FF9-B473-21B66D223C23}.Debug|x86.Build.0 = Debug|Any CPU
		{D7F89A26-C632-4FF9-B473-21B66D223C23}.Release|Any CPU.ActiveCfg = Release|Any CPU
		{D7F89A26-C632-4FF9-B473-21B66D223C23}.Release|Any CPU.Build.0 = Release|Any CPU
		{D7F89A26-C632-4FF9-B473-21B66D223C23}.Release|x64.ActiveCfg = Release|Any CPU
		{D7F89A26-C632-4FF9-B473-21B66D223C23}.Release|x64.Build.0 = Release|Any CPU
		{D7F89A26-C632-4FF9-B473-21B66D223C23}.Release|x86.ActiveCfg = Release|Any CPU
		{D7F89A26-C632-4FF9-B473-21B66D223C23}.Release|x86.Build.0 = Release|Any CPU
		{77933C4B-2C36-4241-BE82-03C66ABD81CC}.Debug|Any CPU.ActiveCfg = Debug|Any CPU
		{77933C4B-2C36-4241-BE82-03C66ABD81CC}.Debug|Any CPU.Build.0 = Debug|Any CPU
		{77933C4B-2C36-4241-BE82-03C66ABD81CC}.Debug|x64.ActiveCfg = Debug|Any CPU
		{77933C4B-2C36-4241-BE82-03C66ABD81CC}.Debug|x64.Build.0 = Debug|Any CPU
		{77933C4B-2C36-4241-BE82-03C66ABD81CC}.Debug|x86.ActiveCfg = Debug|Any CPU
		{77933C4B-2C36-4241-BE82-03C66ABD81CC}.Debug|x86.Build.0 = Debug|Any CPU
		{77933C4B-2C36-4241-BE82-03C66ABD81CC}.Release|Any CPU.ActiveCfg = Release|Any CPU
		{77933C4B-2C36-4241-BE82-03C66ABD81CC}.Release|Any CPU.Build.0 = Release|Any CPU
		{77933C4B-2C36-4241-BE82-03C66ABD81CC}.Release|x64.ActiveCfg = Release|Any CPU
		{77933C4B-2C36-4241-BE82-03C66ABD81CC}.Release|x64.Build.0 = Release|Any CPU
		{77933C4B-2C36-4241-BE82-03C66ABD81CC}.Release|x86.ActiveCfg = Release|Any CPU
		{77933C4B-2C36-4241-BE82-03C66ABD81CC}.Release|x86.Build.0 = Release|Any CPU
		{EE651E44-C3D5-4E4D-ACB6-F820D370FB02}.Debug|Any CPU.ActiveCfg = Debug|Any CPU
		{EE651E44-C3D5-4E4D-ACB6-F820D370FB02}.Debug|Any CPU.Build.0 = Debug|Any CPU
		{EE651E44-C3D5-4E4D-ACB6-F820D370FB02}.Debug|x64.ActiveCfg = Debug|Any CPU
		{EE651E44-C3D5-4E4D-ACB6-F820D370FB02}.Debug|x64.Build.0 = Debug|Any CPU
		{EE651E44-C3D5-4E4D-ACB6-F820D370FB02}.Debug|x86.ActiveCfg = Debug|Any CPU
		{EE651E44-C3D5-4E4D-ACB6-F820D370FB02}.Debug|x86.Build.0 = Debug|Any CPU
		{EE651E44-C3D5-4E4D-ACB6-F820D370FB02}.Release|Any CPU.ActiveCfg = Release|Any CPU
		{EE651E44-C3D5-4E4D-ACB6-F820D370FB02}.Release|Any CPU.Build.0 = Release|Any CPU
		{EE651E44-C3D5-4E4D-ACB6-F820D370FB02}.Release|x64.ActiveCfg = Release|Any CPU
		{EE651E44-C3D5-4E4D-ACB6-F820D370FB02}.Release|x64.Build.0 = Release|Any CPU
		{EE651E44-C3D5-4E4D-ACB6-F820D370FB02}.Release|x86.ActiveCfg = Release|Any CPU
		{EE651E44-C3D5-4E4D-ACB6-F820D370FB02}.Release|x86.Build.0 = Release|Any CPU
	EndGlobalSection
	GlobalSection(SolutionProperties) = preSolution
		HideSolutionNode = FALSE
	EndGlobalSection
	GlobalSection(ExtensibilityGlobals) = postSolution
		SolutionGuid = {51691599-A58F-415F-AF7B-1BB1E2908904}
	EndGlobalSection
EndGlobal
